
Microsoft Visual Studio Solution File, Format Version 12.00
# Visual Studio Version 16
VisualStudioVersion = 16.0.30114.105
MinimumVisualStudioVersion = 10.0.40219.1
Project("{9A19103F-16F7-4668-BE54-9A1E7A4F7556}") = "WatchShop", "Wasm\WatchShop.csproj", "{215B70DE-2194-471D-A548-ABDD12D9CEFC}"
EndProject
Global
	GlobalSection(SolutionConfigurationPlatforms) = preSolution
		Debug|Any CPU = Debug|Any CPU
		Release|Any CPU = Release|Any CPU
	EndGlobalSection
	GlobalSection(ProjectConfigurationPlatforms) = postSolution
		{215B70DE-2194-471D-A548-ABDD12D9CEFC}.Debug|Any CPU.ActiveCfg = Debug|Any CPU
		{215B70DE-2194-471D-A548-ABDD12D9CEFC}.Debug|Any CPU.Build.0 = Debug|Any CPU
		{215B70DE-2194-471D-A548-ABDD12D9CEFC}.Release|Any CPU.ActiveCfg = Release|Any CPU
		{215B70DE-2194-471D-A548-ABDD12D9CEFC}.Release|Any CPU.Build.0 = Release|Any CPU
	EndGlobalSection
	GlobalSection(SolutionProperties) = preSolution
		HideSolutionNode = FALSE
	EndGlobalSection
	GlobalSection(ExtensibilityGlobals) = postSolution
		SolutionGuid = {EE8FCB32-FC02-4FE6-BCA9-34B0E2E8009A}
	EndGlobalSection
EndGlobal
